{
  "version": 4,
  "terraform_version": "1.7.1",
  "serial": 45,
  "lineage": "2ac95c30-8273-c2a2-ad4e-007ea5d338c6",
  "outputs": {},
  "resources": [
    {
      "mode": "managed",
      "type": "azurerm_resource_group",
      "name": "rg_resource",
      "provider": "provider[\"registry.terraform.io/hashicorp/azurerm\"]",
      "instances": [
        {
          "index_key": "product-name-1-test-rg",
          "schema_version": 0,
          "attributes": {
            "id": "/subscriptions/XXXXXXXXXXXXXXXXXXXXXXXXXXXX/resourceGroups/product-name-1-test-rg",
            "location": "westeurope",
            "managed_by": "",
            "name": "product-name-1-test-rg",
            "tags": {
              "cost_center": "cost_center_1",
              "product": "product_name_1"
            },
            "timeouts": null
          },
          "sensitive_attributes": [],
          "private": "eyJlMmJmYjczMC1lY2FhLTExZTYtOGY4OC0zNDM2M2JjN2M0YzAiOnsiY3JlYXRlIjo1NDAwMDAwMDAwMDAwLCJkZWxldGUiOjU0MDAwMDAwMDAwMDAsInJlYWQXXXXXXXXXXXXXXXXXXXXXXXXXXXXXXXXXX="
        },
        {
          "index_key": "product-name-2-test-rg",
          "schema_version": 0,
          "attributes": {
            "id": "/subscriptions/XXXXXXXXXXXXXXXXXXXXXXXXXXXX/resourceGroups/product-name-2-test-rg",
            "location": "westeurope",
            "managed_by": "",
            "name": "product-name-2-test-rg",
            "tags": {
              "cost_center": "cost_center_2",
              "product": "product_name_2"
            },
            "timeouts": null
          },
          "sensitive_attributes": [],
          "private": "eyJlMmJmYjczMC1lY2FhLTExZTYtOGY4OC0zNDM2M2JjN2M0YzAiOnsiY3JlYXRlIjo1NDAwMDAwMDAwMDAwLCJkZWxldGUiOjU0MDAwMDAwMDAwMDAsInJlYWQXXXXXXXXXXXXXXXXXXXXXXXXXXXXXXXXXX="
        }
      ]
    },
    {
      "mode": "managed",
      "type": "azurerm_servicebus_namespace",
      "name": "asbn_resource",
      "provider": "provider[\"registry.terraform.io/hashicorp/azurerm\"]",
      "instances": [
        {
          "index_key": "productname1-test-asbn",
          "schema_version": 1,
          "attributes": {
            "capacity": 0,
            "customer_managed_key": [],
            "default_primary_connection_string": "Endpoint=sb://productname1-test-asbn.servicebus.windows.net/;SharedAccessKeyName=RootManageSharedAccessKey;SharedAccessKey=XXXXXXXXXXXXXXXXXXXXXXXXXXXXXXXXXX",
            "default_primary_key": "XXXXXXXXXXXXXXXXXXXXXXXXXXXXXXXXXX",
            "default_secondary_connection_string": "Endpoint=sb://productname1-test-asbn.servicebus.windows.net/;SharedAccessKeyName=RootManageSharedAccessKey;SharedAccessKey=XXXXXXXXXXXXXXXXXXXXXXXXXXXXXXXXXX",
            "default_secondary_key": "XXXXXXXXXXXXXXXXXXXXXXXXXXXXXXXXXX",
            "endpoint": "https://productname1-test-asbn.servicebus.windows.net:443/",
            "id": "/subscriptions/XXXXXXXXXXXXXXXXXXXXXXXXXXXX/resourceGroups/product-name-1-test-rg/providers/Microsoft.ServiceBus/namespaces/productname1-test-asbn",
            "identity": [],
            "local_auth_enabled": true,
            "location": "westeurope",
            "minimum_tls_version": "1.2",
            "name": "productname1-test-asbn",
            "network_rule_set": [
              {
                "default_action": "Allow",
                "ip_rules": [],
                "network_rules": [],
                "public_network_access_enabled": true,
                "trusted_services_allowed": false
              }
            ],
            "premium_messaging_partitions": 0,
            "public_network_access_enabled": true,
            "resource_group_name": "product-name-1-test-rg",
            "sku": "Standard",
            "tags": {
              "cost_center": "cost_center_1",
              "product": "product_name_1"
            },
            "timeouts": null,
            "zone_redundant": false
          },
          "sensitive_attributes": [],
          "private": "eyJlMmJmYjczMC1lY2FhLTExZTYtOGY4OC0zNDM2M2JjN2M0YzAiOnsiY3JlYXRlIjoxODAwMDAwMDAwMDAwLCJkZWxldGUiOjE4MDAwMDAwMDAwMDAsInJlYWQiOjMwMDAwMDAwMDAwMCwidXBkYXRlIjoxXXXXXXXXXXXXXXXXXXXXXXXXXXXXXXXXXX",
          "dependencies": [
            "azurerm_resource_group.rg_resource"
          ]
        },
        {
          "index_key": "productname2-test-asbn",
          "schema_version": 1,
          "attributes": {
            "capacity": 0,
            "customer_managed_key": [],
            "default_primary_connection_string": "Endpoint=sb://productname2-test-asbn.servicebus.windows.net/;SharedAccessKeyName=RootManageSharedAccessKey;SharedAccessKey=XXXXXXXXXXXXXXXXXXXXXXXXXXXXXXXXXX",
            "default_primary_key": "XXXXXXXXXXXXXXXXXXXXXXXXXXXXXXXXXX",
            "default_secondary_connection_string": "Endpoint=sb://productname2-test-asbn.servicebus.windows.net/;SharedAccessKeyName=RootManageSharedAccessKey;SharedAccessKey=XXXXXXXXXXXXXXXXXXXXXXXXXXXXXXXXXX",
            "default_secondary_key": "XXXXXXXXXXXXXXXXXXXXXXXXXXXXXXXXXX",
            "endpoint": "https://productname2-test-asbn.servicebus.windows.net:443/",
            "id": "/subscriptions/XXXXXXXXXXXXXXXXXXXXXXXXXXXX/resourceGroups/product-name-2-test-rg/providers/Microsoft.ServiceBus/namespaces/productname2-test-asbn",
            "identity": [],
            "local_auth_enabled": true,
            "location": "westeurope",
            "minimum_tls_version": "1.2",
            "name": "productname2-test-asbn",
            "network_rule_set": [
              {
                "default_action": "Allow",
                "ip_rules": [],
                "network_rules": [],
                "public_network_access_enabled": true,
                "trusted_services_allowed": false
              }
            ],
            "premium_messaging_partitions": 0,
            "public_network_access_enabled": true,
            "resource_group_name": "product-name-2-test-rg",
            "sku": "Standard",
            "tags": {
              "cost_center": "cost_center_2",
              "product": "product_name_2"
            },
            "timeouts": null,
            "zone_redundant": false
          },
          "sensitive_attributes": [],
          "private": "eyJlMmJmYjczMC1lY2FhLTExZTYtOGY4OC0zNDM2M2JjN2M0YzAiOnsiY3JlYXRlIjoxODAwMDAwMDAwMDAwLCJkZWxldGUiOjE4MDAwMDAwMDAwMDAsInJlYWQiOjMwMDAwMDAwMDAwMCwidXBkYXRlIjoxXXXXXXXXXXXXXXXXXXXXXXXXXXXXXXXXXX",
          "dependencies": [
            "azurerm_resource_group.rg_resource"
          ]
        }
      ]
    },
    {
      "mode": "managed",
      "type": "azurerm_servicebus_queue",
      "name": "asbn_queue_resource",
      "provider": "provider[\"registry.terraform.io/hashicorp/azurerm\"]",
      "instances": [
        {
          "index_key": "product-name-1-test-rg_productname1-test-asbn_first-test",
          "schema_version": 0,
          "attributes": {
            "auto_delete_on_idle": "P10675199DT2H48M5.4775807S",
            "dead_lettering_on_message_expiration": false,
            "default_message_ttl": "P10675199DT2H48M5.4775807S",
            "duplicate_detection_history_time_window": "PT10M",
            "enable_batched_operations": true,
            "enable_express": false,
            "enable_partitioning": true,
            "forward_dead_lettered_messages_to": "",
            "forward_to": "",
            "id": "/subscriptions/XXXXXXXXXXXXXXXXXXXXXXXXXXXX/resourceGroups/product-name-1-test-rg/providers/Microsoft.ServiceBus/namespaces/productname1-test-asbn/queues/first-test",
            "lock_duration": "PT1M",
            "max_delivery_count": 10,
            "max_message_size_in_kilobytes": 256,
            "max_size_in_megabytes": 5120,
            "name": "first-test",
            "namespace_id": "/subscriptions/XXXXXXXXXXXXXXXXXXXXXXXXXXXX/resourceGroups/product-name-1-test-rg/providers/Microsoft.ServiceBus/namespaces/productname1-test-asbn",
            "requires_duplicate_detection": false,
            "requires_session": false,
            "status": "Active",
            "timeouts": null
          },
          "sensitive_attributes": [],
          "private": "eyJlMmJmYjczMC1lY2FhLTExZTYtOGY4OC0zNDM2M2JjN2M0YzAiOnsiY3JlYXRlIjoxODAwMDAwMDAwMDAwLCJkZWxldGUiOjE4MDAwMDAwMDAwMDAsInJlYWQiOjMwMDAwMDAwMDAwXXXXXXXXXXXXXXXXXXXXXXXXXXXXXXXXXX",
          "dependencies": [
            "azurerm_resource_group.rg_resource",
            "azurerm_servicebus_namespace.asbn_resource"
          ]
        },
        {
          "index_key": "product-name-1-test-rg_productname1-test-asbn_second-test",
          "schema_version": 0,
          "attributes": {
            "auto_delete_on_idle": "P10675199DT2H48M5.4775807S",
            "dead_lettering_on_message_expiration": false,
            "default_message_ttl": "P10675199DT2H48M5.4775807S",
            "duplicate_detection_history_time_window": "PT10M",
            "enable_batched_operations": true,
            "enable_express": false,
            "enable_partitioning": true,
            "forward_dead_lettered_messages_to": "",
            "forward_to": "",
            "id": "/subscriptions/XXXXXXXXXXXXXXXXXXXXXXXXXXXX/resourceGroups/product-name-1-test-rg/providers/Microsoft.ServiceBus/namespaces/productname1-test-asbn/queues/second-test",
            "lock_duration": "PT1M",
            "max_delivery_count": 10,
            "max_message_size_in_kilobytes": 256,
            "max_size_in_megabytes": 5120,
            "name": "second-test",
            "namespace_id": "/subscriptions/XXXXXXXXXXXXXXXXXXXXXXXXXXXX/resourceGroups/product-name-1-test-rg/providers/Microsoft.ServiceBus/namespaces/productname1-test-asbn",
            "requires_duplicate_detection": false,
            "requires_session": false,
            "status": "Active",
            "timeouts": null
          },
          "sensitive_attributes": [],
          "private": "eyJlMmJmYjczMC1lY2FhLTExZTYtOGY4OC0zNDM2M2JjN2M0YzAiOnsiY3JlYXRlIjoxODAwMDAwMDAwMDAwLCJkZWxldGUiOjE4MDAwMDAwMDAwMDAsInJlYWQiOjMwMDAwMDAwMDAwXXXXXXXXXXXXXXXXXXXXXXXXXXXXXXXXXX",
          "dependencies": [
            "azurerm_resource_group.rg_resource",
            "azurerm_servicebus_namespace.asbn_resource"
          ]
        },
        {
          "index_key": "product-name-2-test-rg_productname2-test-asbn_first-test",
          "schema_version": 0,
          "attributes": {
            "auto_delete_on_idle": "P10675199DT2H48M5.4775807S",
            "dead_lettering_on_message_expiration": false,
            "default_message_ttl": "P10675199DT2H48M5.4775807S",
            "duplicate_detection_history_time_window": "PT10M",
            "enable_batched_operations": true,
            "enable_express": false,
            "enable_partitioning": true,
            "forward_dead_lettered_messages_to": "",
            "forward_to": "",
            "id": "/subscriptions/XXXXXXXXXXXXXXXXXXXXXXXXXXXX/resourceGroups/product-name-2-test-rg/providers/Microsoft.ServiceBus/namespaces/productname2-test-asbn/queues/first-test",
            "lock_duration": "PT1M",
            "max_delivery_count": 10,
            "max_message_size_in_kilobytes": 256,
            "max_size_in_megabytes": 5120,
            "name": "first-test",
            "namespace_id": "/subscriptions/XXXXXXXXXXXXXXXXXXXXXXXXXXXX/resourceGroups/product-name-2-test-rg/providers/Microsoft.ServiceBus/namespaces/productname2-test-asbn",
            "requires_duplicate_detection": false,
            "requires_session": false,
            "status": "Active",
            "timeouts": null
          },
          "sensitive_attributes": [],
          "private": "eyJlMmJmYjczMC1lY2FhLTExZTYtOGY4OC0zNDM2M2JjN2M0YzAiOnsiY3JlYXRlIjoxODAwMDAwMDAwMDAwLCJkZWxldGUiOjE4MDAwMDAwMDAwMDAsInJlYWQiOjMwMDAwMDAwMDAwXXXXXXXXXXXXXXXXXXXXXXXXXXXXXXXXXX",
          "dependencies": [
            "azurerm_resource_group.rg_resource",
            "azurerm_servicebus_namespace.asbn_resource"
          ]
        },
        {
          "index_key": "product-name-2-test-rg_productname2-test-asbn_second-test",
          "schema_version": 0,
          "attributes": {
            "auto_delete_on_idle": "P10675199DT2H48M5.4775807S",
            "dead_lettering_on_message_expiration": false,
            "default_message_ttl": "P10675199DT2H48M5.4775807S",
            "duplicate_detection_history_time_window": "PT10M",
            "enable_batched_operations": true,
            "enable_express": false,
            "enable_partitioning": true,
            "forward_dead_lettered_messages_to": "",
            "forward_to": "",
            "id": "/subscriptions/XXXXXXXXXXXXXXXXXXXXXXXXXXXX/resourceGroups/product-name-2-test-rg/providers/Microsoft.ServiceBus/namespaces/productname2-test-asbn/queues/second-test",
            "lock_duration": "PT1M",
            "max_delivery_count": 10,
            "max_message_size_in_kilobytes": 256,
            "max_size_in_megabytes": 5120,
            "name": "second-test",
            "namespace_id": "/subscriptions/XXXXXXXXXXXXXXXXXXXXXXXXXXXX/resourceGroups/product-name-2-test-rg/providers/Microsoft.ServiceBus/namespaces/productname2-test-asbn",
            "requires_duplicate_detection": false,
            "requires_session": false,
            "status": "Active",
            "timeouts": null
          },
          "sensitive_attributes": [],
          "private": "eyJlMmJmYjczMC1lY2FhLTExZTYtOGY4OC0zNDM2M2JjN2M0YzAiOnsiY3JlYXRlIjoxODAwMDAwMDAwMDAwLCJkZWxldGUiOjE4MDAwMDAwMDAwMDAsInJlYWQiOjMwMDAwMDAwMDAwXXXXXXXXXXXXXXXXXXXXXXXXXXXXXXXXXX",
          "dependencies": [
            "azurerm_resource_group.rg_resource",
            "azurerm_servicebus_namespace.asbn_resource"
          ]
        }
      ]
    }
  ],
  "check_results": null
}
